
Microsoft Visual Studio Solution File, Format Version 12.00
# Visual Studio Version 17
VisualStudioVersion = 17.4.33103.184
MinimumVisualStudioVersion = 10.0.40219.1
Project("{FAE04EC0-301F-11D3-BF4B-00C04F79EFBC}") = "ADOdotnetwebappli", "ADOdotnetwebappli.csproj", "{9965675D-40A5-4447-A987-292A01F70424}"
EndProject
Global
	GlobalSection(SolutionConfigurationPlatforms) = preSolution
		Debug|Any CPU = Debug|Any CPU
		Release|Any CPU = Release|Any CPU
	EndGlobalSection
	GlobalSection(ProjectConfigurationPlatforms) = postSolution
		{9965675D-40A5-4447-A987-292A01F70424}.Debug|Any CPU.ActiveCfg = Debug|Any CPU
		{9965675D-40A5-4447-A987-292A01F70424}.Debug|Any CPU.Build.0 = Debug|Any CPU
		{9965675D-40A5-4447-A987-292A01F70424}.Release|Any CPU.ActiveCfg = Release|Any CPU
		{9965675D-40A5-4447-A987-292A01F70424}.Release|Any CPU.Build.0 = Release|Any CPU
	EndGlobalSection
	GlobalSection(SolutionProperties) = preSolution
		HideSolutionNode = FALSE
	EndGlobalSection
	GlobalSection(ExtensibilityGlobals) = postSolution
		SolutionGuid = {24831DE2-343D-49BE-8980-69F523A1F6C2}
	EndGlobalSection
EndGlobal
