
Microsoft Visual Studio Solution File, Format Version 12.00
# Visual Studio Version 17
VisualStudioVersion = 17.4.33103.184
MinimumVisualStudioVersion = 10.0.40219.1
Project("{FAE04EC0-301F-11D3-BF4B-00C04F79EFBC}") = "AspWebApplication", "AspWebApplication.csproj", "{66745B75-6507-4E81-8F9F-AF767365738D}"
EndProject
Global
	GlobalSection(SolutionConfigurationPlatforms) = preSolution
		Debug|Any CPU = Debug|Any CPU
		Release|Any CPU = Release|Any CPU
	EndGlobalSection
	GlobalSection(ProjectConfigurationPlatforms) = postSolution
		{66745B75-6507-4E81-8F9F-AF767365738D}.Debug|Any CPU.ActiveCfg = Debug|Any CPU
		{66745B75-6507-4E81-8F9F-AF767365738D}.Debug|Any CPU.Build.0 = Debug|Any CPU
		{66745B75-6507-4E81-8F9F-AF767365738D}.Release|Any CPU.ActiveCfg = Release|Any CPU
		{66745B75-6507-4E81-8F9F-AF767365738D}.Release|Any CPU.Build.0 = Release|Any CPU
	EndGlobalSection
	GlobalSection(SolutionProperties) = preSolution
		HideSolutionNode = FALSE
	EndGlobalSection
	GlobalSection(ExtensibilityGlobals) = postSolution
		SolutionGuid = {207FEFE9-7EBA-41F2-8A2C-1802F12F5C2C}
	EndGlobalSection
EndGlobal
